
Microsoft Visual Studio Solution File, Format Version 12.00
# Visual Studio Version 16
VisualStudioVersion = 16.0.31410.357
MinimumVisualStudioVersion = 10.0.40219.1
Project("{FAE04EC0-301F-11D3-BF4B-00C04F79EFBC}") = "OscarOrtegaMartinez", "OscarOrtegaMartinez\OscarOrtegaMartinez.csproj", "{FF2743A6-5371-40AB-8763-BDA35252E518}"
EndProject
Global
	GlobalSection(SolutionConfigurationPlatforms) = preSolution
		Debug|Any CPU = Debug|Any CPU
		Release|Any CPU = Release|Any CPU
	EndGlobalSection
	GlobalSection(ProjectConfigurationPlatforms) = postSolution
		{FF2743A6-5371-40AB-8763-BDA35252E518}.Debug|Any CPU.ActiveCfg = Debug|Any CPU
		{FF2743A6-5371-40AB-8763-BDA35252E518}.Debug|Any CPU.Build.0 = Debug|Any CPU
		{FF2743A6-5371-40AB-8763-BDA35252E518}.Release|Any CPU.ActiveCfg = Release|Any CPU
		{FF2743A6-5371-40AB-8763-BDA35252E518}.Release|Any CPU.Build.0 = Release|Any CPU
	EndGlobalSection
	GlobalSection(SolutionProperties) = preSolution
		HideSolutionNode = FALSE
	EndGlobalSection
	GlobalSection(ExtensibilityGlobals) = postSolution
		SolutionGuid = {FD436FEA-C201-47A1-88F0-5327262491D6}
	EndGlobalSection
EndGlobal
